
Microsoft Visual Studio Solution File, Format Version 12.00
# Visual Studio Version 17
VisualStudioVersion = 17.3.32929.385
MinimumVisualStudioVersion = 10.0.40219.1
Project("{FAE04EC0-301F-11D3-BF4B-00C04F79EFBC}") = "CapstoneProject", "CapstoneProject\CapstoneProject.csproj", "{EF5E8B32-7659-47F9-AB5D-D9D65606C9E1}"
EndProject
Global
	GlobalSection(SolutionConfigurationPlatforms) = preSolution
		Debug|Any CPU = Debug|Any CPU
		Release|Any CPU = Release|Any CPU
	EndGlobalSection
	GlobalSection(ProjectConfigurationPlatforms) = postSolution
		{EF5E8B32-7659-47F9-AB5D-D9D65606C9E1}.Debug|Any CPU.ActiveCfg = Debug|Any CPU
		{EF5E8B32-7659-47F9-AB5D-D9D65606C9E1}.Debug|Any CPU.Build.0 = Debug|Any CPU
		{EF5E8B32-7659-47F9-AB5D-D9D65606C9E1}.Release|Any CPU.ActiveCfg = Release|Any CPU
		{EF5E8B32-7659-47F9-AB5D-D9D65606C9E1}.Release|Any CPU.Build.0 = Release|Any CPU
	EndGlobalSection
	GlobalSection(SolutionProperties) = preSolution
		HideSolutionNode = FALSE
	EndGlobalSection
	GlobalSection(ExtensibilityGlobals) = postSolution
		SolutionGuid = {3E498A35-BBA1-4A81-AEAF-E81BEF065DAA}
	EndGlobalSection
EndGlobal
